// !$*UTF8*$!
{
	archiveVersion = 1;
	classes = {
	};
	objectVersion = 50;
	objects = {

/* Begin PBXBuildFile section */
		D0B8FB5A21119D5000C43BBE /* AppDelegate.m in Sources */ = {isa = PBXBuildFile; fileRef = D0B8FB5921119D5000C43BBE /* AppDelegate.m */; };
		D0B8FB5D21119D5100C43BBE /* ViewController.m in Sources */ = {isa = PBXBuildFile; fileRef = D0B8FB5C21119D5000C43BBE /* ViewController.m */; };
		D0B8FB6021119D5100C43BBE /* Main.storyboard in Resources */ = {isa = PBXBuildFile; fileRef = D0B8FB5E21119D5100C43BBE /* Main.storyboard */; };
		D0B8FB6221119D5200C43BBE /* Assets.xcassets in Resources */ = {isa = PBXBuildFile; fileRef = D0B8FB6121119D5200C43BBE /* Assets.xcassets */; };
		D0B8FB6521119D5200C43BBE /* LaunchScreen.storyboard in Resources */ = {isa = PBXBuildFile; fileRef = D0B8FB6321119D5200C43BBE /* LaunchScreen.storyboard */; };
		D0B8FB6821119D5200C43BBE /* main.m in Sources */ = {isa = PBXBuildFile; fileRef = D0B8FB6721119D5200C43BBE /* main.m */; };
/* End PBXBuildFile section */

/* Begin PBXFileReference section */
		D0B8FB5521119D5000C43BBE /* 多线程示例.app */ = {isa = PBXFileReference; explicitFileType = wrapper.application; includeInIndex = 0; path = "多线程示例.app"; sourceTree = BUILT_PRODUCTS_DIR; };
		D0B8FB5821119D5000C43BBE /* AppDelegate.h */ = {isa = PBXFileReference; lastKnownFileType = sourcecode.c.h; path = AppDelegate.h; sourceTree = "<group>"; };
		D0B8FB5921119D5000C43BBE /* AppDelegate.m */ = {isa = PBXFileReference; lastKnownFileType = sourcecode.c.objc; path = AppDelegate.m; sourceTree = "<group>"; };
		D0B8FB5B21119D5000C43BBE /* ViewController.h */ = {isa = PBXFileReference; lastKnownFileType = sourcecode.c.h; path = ViewController.h; sourceTree = "<group>"; };
		D0B8FB5C21119D5000C43BBE /* ViewController.m */ = {isa = PBXFileReference; lastKnownFileType = sourcecode.c.objc; path = ViewController.m; sourceTree = "<group>"; };
		D0B8FB5F21119D5100C43BBE /* Base */ = {isa = PBXFileReference; lastKnownFileType = file.storyboard; name = Base; path = Base.lproj/Main.storyboard; sourceTree = "<group>"; };
		D0B8FB6121119D5200C43BBE /* Assets.xcassets */ = {isa = PBXFileReference; lastKnownFileType = folder.assetcatalog; path = Assets.xcassets; sourceTree = "<group>"; };
		D0B8FB6421119D5200C43BBE /* Base */ = {isa = PBXFileReference; lastKnownFileType = file.storyboard; name = Base; path = Base.lproj/LaunchScreen.storyboard; sourceTree = "<group>"; };
		D0B8FB6621119D5200C43BBE /* Info.plist */ = {isa = PBXFileReference; lastKnownFileType = text.plist.xml; path = Info.plist; sourceTree = "<group>"; };
		D0B8FB6721119D5200C43BBE /* main.m */ = {isa = PBXFileReference; lastKnownFileType = sourcecode.c.objc; path = main.m; sourceTree = "<group>"; };
/* End PBXFileReference section */

/* Begin PBXFrameworksBuildPhase section */
		D0B8FB5221119D5000C43BBE /* Frameworks */ = {
			isa = PBXFrameworksBuildPhase;
			buildActionMask = 2147483647;
			files = (
			);
			runOnlyForDeploymentPostprocessing = 0;
		};
/* End PBXFrameworksBuildPhase section */

/* Begin PBXGroup section */
		D0B8FB4C21119D5000C43BBE = {
			isa = PBXGroup;
			children = (
				D0B8FB5721119D5000C43BBE /* 多线程示例 */,
				D0B8FB5621119D5000C43BBE /* Products */,
			);
			sourceTree = "<group>";
		};
		D0B8FB5621119D5000C43BBE /* Products */ = {
			isa = PBXGroup;
			children = (
				D0B8FB5521119D5000C43BBE /* 多线程示例.app */,
			);
			name = Products;
			sourceTree = "<group>";
		};
		D0B8FB5721119D5000C43BBE /* 多线程示例 */ = {
			isa = PBXGroup;
			children = (
				D0B8FB5821119D5000C43BBE /* AppDelegate.h */,
				D0B8FB5921119D5000C43BBE /* AppDelegate.m */,
				D0B8FB5B21119D5000C43BBE /* ViewController.h */,
				D0B8FB5C21119D5000C43BBE /* ViewController.m */,
				D0B8FB5E21119D5100C43BBE /* Main.storyboard */,
				D0B8FB6121119D5200C43BBE /* Assets.xcassets */,
				D0B8FB6321119D5200C43BBE /* LaunchScreen.storyboard */,
				D0B8FB6621119D5200C43BBE /* Info.plist */,
				D0B8FB6721119D5200C43BBE /* main.m */,
			);
			path = "多线程示例";
			sourceTree = "<group>";
		};
/* End PBXGroup section */

/* Begin PBXNativeTarget section */
		D0B8FB5421119D5000C43BBE /* 多线程示例 */ = {
			isa = PBXNativeTarget;
			buildConfigurationList = D0B8FB6B21119D5200C43BBE /* Build configuration list for PBXNativeTarget "多线程示例" */;
			buildPhases = (
				D0B8FB5121119D5000C43BBE /* Sources */,
				D0B8FB5221119D5000C43BBE /* Frameworks */,
				D0B8FB5321119D5000C43BBE /* Resources */,
			);
			buildRules = (
			);
			dependencies = (
			);
			name = "多线程示例";
			productName = "多线程示例";
			productReference = D0B8FB5521119D5000C43BBE /* 多线程示例.app */;
			productType = "com.apple.product-type.application";
		};
/* End PBXNativeTarget section */

/* Begin PBXProject section */
		D0B8FB4D21119D5000C43BBE /* Project object */ = {
			isa = PBXProject;
			attributes = {
				LastUpgradeCheck = 0940;
				ORGANIZATIONNAME = winson;
				TargetAttributes = {
					D0B8FB5421119D5000C43BBE = {
						CreatedOnToolsVersion = 9.4.1;
					};
				};
			};
			buildConfigurationList = D0B8FB5021119D5000C43BBE /* Build configuration list for PBXProject "多线程示例" */;
			compatibilityVersion = "Xcode 9.3";
			developmentRegion = en;
			hasScannedForEncodings = 0;
			knownRegions = (
				en,
				Base,
			);
			mainGroup = D0B8FB4C21119D5000C43BBE;
			productRefGroup = D0B8FB5621119D5000C43BBE /* Products */;
			projectDirPath = "";
			projectRoot = "";
			targets = (
				D0B8FB5421119D5000C43BBE /* 多线程示例 */,
			);
		};
/* End PBXProject section */

/* Begin PBXResourcesBuildPhase section */
		D0B8FB5321119D5000C43BBE /* Resources */ = {
			isa = PBXResourcesBuildPhase;
			buildActionMask = 2147483647;
			files = (
				D0B8FB6521119D5200C43BBE /* LaunchScreen.storyboard in Resources */,
				D0B8FB6221119D5200C43BBE /* Assets.xcassets in Resources */,
				D0B8FB6021119D5100C43BBE /* Main.storyboard in Resources */,
			);
			runOnlyForDeploymentPostprocessing = 0;
		};
/* End PBXResourcesBuildPhase section */

/* Begin PBXSourcesBuildPhase section */
		D0B8FB5121119D5000C43BBE /* Sources */ = {
			isa = PBXSourcesBuildPhase;
			buildActionMask = 2147483647;
			files = (
				D0B8FB5D21119D5100C43BBE /* ViewController.m in Sources */,
				D0B8FB6821119D5200C43BBE /* main.m in Sources */,
				D0B8FB5A21119D5000C43BBE /* AppDelegate.m in Sources */,
			);
			runOnlyForDeploymentPostprocessing = 0;
		};
/* End PBXSourcesBuildPhase section */

/* Begin PBXVariantGroup section */
		D0B8FB5E21119D5100C43BBE /* Main.storyboard */ = {
			isa = PBXVariantGroup;
			children = (
				D0B8FB5F21119D5100C43BBE /* Base */,
			);
			name = Main.storyboard;
			sourceTree = "<group>";
		};
		D0B8FB6321119D5200C43BBE /* LaunchScreen.storyboard */ = {
			isa = PBXVariantGroup;
			children = (
				D0B8FB6421119D5200C43BBE /* Base */,
			);
			name = LaunchScreen.storyboard;
			sourceTree = "<group>";
		};
/* End PBXVariantGroup section */

/* Begin XCBuildConfiguration section */
		D0B8FB6921119D5200C43BBE /* Debug */ = {
			isa = XCBuildConfiguration;
			buildSettings = {
				ALWAYS_SEARCH_USER_PATHS = NO;
				CLANG_ANALYZER_NONNULL = YES;
				CLANG_ANALYZER_NUMBER_OBJECT_CONVERSION = YES_AGGRESSIVE;
				CLANG_CXX_LANGUAGE_STANDARD = "gnu++14";
				CLANG_CXX_LIBRARY = "libc++";
				CLANG_ENABLE_MODULES = YES;
				CLANG_ENABLE_OBJC_ARC = YES;
				CLANG_ENABLE_OBJC_WEAK = YES;
				CLANG_WARN_BLOCK_CAPTURE_AUTORELEASING = YES;
				CLANG_WARN_BOOL_CONVERSION = YES;
				CLANG_WARN_COMMA = YES;
				CLANG_WARN_CONSTANT_CONVERSION = YES;
				CLANG_WARN_DEPRECATED_OBJC_IMPLEMENTATIONS = YES;
				CLANG_WARN_DIRECT_OBJC_ISA_USAGE = YES_ERROR;
				CLANG_WARN_DOCUMENTATION_COMMENTS = YES;
				CLANG_WARN_EMPTY_BODY = YES;
				CLANG_WARN_ENUM_CONVERSION = YES;
				CLANG_WARN_INFINITE_RECURSION = YES;
				CLANG_WARN_INT_CONVERSION = YES;
				CLANG_WARN_NON_LITERAL_NULL_CONVERSION = YES;
				CLANG_WARN_OBJC_IMPLICIT_RETAIN_SELF = YES;
				CLANG_WARN_OBJC_LITERAL_CONVERSION = YES;
				CLANG_WARN_OBJC_ROOT_CLASS = YES_ERROR;
				CLANG_WARN_RANGE_LOOP_ANALYSIS = YES;
				CLANG_WARN_STRICT_PROTOTYPES = YES;
				CLANG_WARN_SUSPICIOUS_MOVE = YES;
				CLANG_WARN_UNGUARDED_AVAILABILITY = YES_AGGRESSIVE;
				CLANG_WARN_UNREACHABLE_CODE = YES;
				CLANG_WARN__DUPLICATE_METHOD_MATCH = YES;
				CODE_SIGN_IDENTITY = "iPhone Developer";
				COPY_PHASE_STRIP = NO;
				DEBUG_INFORMATION_FORMAT = dwarf;
				ENABLE_STRICT_OBJC_MSGSEND = YES;
				ENABLE_TESTABILITY = YES;
				GCC_C_LANGUAGE_STANDARD = gnu11;
				GCC_DYNAMIC_NO_PIC = NO;
				GCC_NO_COMMON_BLOCKS = YES;
				GCC_OPTIMIZATION_LEVEL = 0;
				GCC_PREPROCESSOR_DEFINITIONS = (
					"DEBUG=1",
					"$(inherited)",
				);
				GCC_WARN_64_TO_32_BIT_CONVERSION = YES;
				GCC_WARN_ABOUT_RETURN_TYPE = YES_ERROR;
				GCC_WARN_UNDECLARED_SELECTOR = YES;
				GCC_WARN_UNINITIALIZED_AUTOS = YES_AGGRESSIVE;
				GCC_WARN_UNUSED_FUNCTION = YES;
				GCC_WARN_UNUSED_VARIABLE = YES;
				IPHONEOS_DEPLOYMENT_TARGET = 11.4;
				MTL_ENABLE_DEBUG_INFO = YES;
				ONLY_ACTIVE_ARCH = YES;
				SDKROOT = iphoneos;
			};
			name = Debug;
		};
		D0B8FB6A21119D5200C43BBE /* Release */ = {
			isa = XCBuildConfiguration;
			buildSettings = {
				ALWAYS_SEARCH_USER_PATHS = NO;
				CLANG_ANALYZER_NONNULL = YES;
				CLANG_ANALYZER_NUMBER_OBJECT_CONVERSION = YES_AGGRESSIVE;
				CLANG_CXX_LANGUAGE_STANDARD = "gnu++14";
				CLANG_CXX_LIBRARY = "libc++";
				CLANG_ENABLE_MODULES = YES;
				CLANG_ENABLE_OBJC_ARC = YES;
				CLANG_ENABLE_OBJC_WEAK = YES;
				CLANG_WARN_BLOCK_CAPTURE_AUTORELEASING = YES;
				CLANG_WARN_BOOL_CONVERSION = YES;
				CLANG_WARN_COMMA = YES;
				CLANG_WARN_CONSTANT_CONVERSION = YES;
				CLANG_WARN_DEPRECATED_OBJC_IMPLEMENTATIONS = YES;
				CLANG_WARN_DIRECT_OBJC_ISA_USAGE = YES_ERROR;
				CLANG_WARN_DOCUMENTATION_COMMENTS = YES;
				CLANG_WARN_EMPTY_BODY = YES;
				CLANG_WARN_ENUM_CONVERSION = YES;
				CLANG_WARN_INFINITE_RECURSION = YES;
				CLANG_WARN_INT_CONVERSION = YES;
				CLANG_WARN_NON_LITERAL_NULL_CONVERSION = YES;
				CLANG_WARN_OBJC_IMPLICIT_RETAIN_SELF = YES;
				CLANG_WARN_OBJC_LITERAL_CONVERSION = YES;
				CLANG_WARN_OBJC_ROOT_CLASS = YES_ERROR;
				CLANG_WARN_RANGE_LOOP_ANALYSIS = YES;
				CLANG_WARN_STRICT_PROTOTYPES = YES;
				CLANG_WARN_SUSPICIOUS_MOVE = YES;
				CLANG_WARN_UNGUARDED_AVAILABILITY = YES_AGGRESSIVE;
				CLANG_WARN_UNREACHABLE_CODE = YES;
				CLANG_WARN__DUPLICATE_METHOD_MATCH = YES;
				CODE_SIGN_IDENTITY = "iPhone Developer";
				COPY_PHASE_STRIP = NO;
				DEBUG_INFORMATION_FORMAT = "dwarf-with-dsym";
				ENABLE_NS_ASSERTIONS = NO;
				ENABLE_STRICT_OBJC_MSGSEND = YES;
				GCC_C_LANGUAGE_STANDARD = gnu11;
				GCC_NO_COMMON_BLOCKS = YES;
				GCC_WARN_64_TO_32_BIT_CONVERSION = YES;
				GCC_WARN_ABOUT_RETURN_TYPE = YES_ERROR;
				GCC_WARN_UNDECLARED_SELECTOR = YES;
				GCC_WARN_UNINITIALIZED_AUTOS = YES_AGGRESSIVE;
				GCC_WARN_UNUSED_FUNCTION = YES;
				GCC_WARN_UNUSED_VARIABLE = YES;
				IPHONEOS_DEPLOYMENT_TARGET = 11.4;
				MTL_ENABLE_DEBUG_INFO = NO;
				SDKROOT = iphoneos;
				VALIDATE_PRODUCT = YES;
			};
			name = Release;
		};
		D0B8FB6C21119D5200C43BBE /* Debug */ = {
			isa = XCBuildConfiguration;
			buildSettings = {
				ASSETCATALOG_COMPILER_APPICON_NAME = AppIcon;
				CODE_SIGN_STYLE = Automatic;
				INFOPLIST_FILE = "多线程示例/Info.plist";
				LD_RUNPATH_SEARCH_PATHS = (
					"$(inherited)",
					"@executable_path/Frameworks",
				);
				PRODUCT_BUNDLE_IDENTIFIER = "-2.12.34.-----";
				PRODUCT_NAME = "$(TARGET_NAME)";
				TARGETED_DEVICE_FAMILY = "1,2";
			};
			name = Debug;
		};
		D0B8FB6D21119D5200C43BBE /* Release */ = {
			isa = XCBuildConfiguration;
			buildSettings = {
				ASSETCATALOG_COMPILER_APPICON_NAME = AppIcon;
				CODE_SIGN_STYLE = Automatic;
				INFOPLIST_FILE = "多线程示例/Info.plist";
				LD_RUNPATH_SEARCH_PATHS = (
					"$(inherited)",
					"@executable_path/Frameworks",
				);
				PRODUCT_BUNDLE_IDENTIFIER = "-2.12.34.-----";
				PRODUCT_NAME = "$(TARGET_NAME)";
				TARGETED_DEVICE_FAMILY = "1,2";
			};
			name = Release;
		};
/* End XCBuildConfiguration section */

/* Begin XCConfigurationList section */
		D0B8FB5021119D5000C43BBE /* Build configuration list for PBXProject "多线程示例" */ = {
			isa = XCConfigurationList;
			buildConfigurations = (
				D0B8FB6921119D5200C43BBE /* Debug */,
				D0B8FB6A21119D5200C43BBE /* Release */,
			);
			defaultConfigurationIsVisible = 0;
			defaultConfigurationName = Release;
		};
		D0B8FB6B21119D5200C43BBE /* Build configuration list for PBXNativeTarget "多线程示例" */ = {
			isa = XCConfigurationList;
			buildConfigurations = (
				D0B8FB6C21119D5200C43BBE /* Debug */,
				D0B8FB6D21119D5200C43BBE /* Release */,
			);
			defaultConfigurationIsVisible = 0;
			defaultConfigurationName = Release;
		};
/* End XCConfigurationList section */
	};
	rootObject = D0B8FB4D21119D5000C43BBE /* Project object */;
}
